
Microsoft Visual Studio Solution File, Format Version 12.00
# Visual Studio Version 16
VisualStudioVersion = 16.0.31624.102
MinimumVisualStudioVersion = 10.0.40219.1
Project("{FAE04EC0-301F-11D3-BF4B-00C04F79EFBC}") = "Tech Assignment 2-Basic Console App", "Tech Assignment 2-Basic Console App.csproj", "{19AE3EA6-3DF1-4C6F-A0D6-6C9CEB79BA41}"
EndProject
Global
	GlobalSection(SolutionConfigurationPlatforms) = preSolution
		Debug|Any CPU = Debug|Any CPU
		Release|Any CPU = Release|Any CPU
	EndGlobalSection
	GlobalSection(ProjectConfigurationPlatforms) = postSolution
		{19AE3EA6-3DF1-4C6F-A0D6-6C9CEB79BA41}.Debug|Any CPU.ActiveCfg = Debug|Any CPU
		{19AE3EA6-3DF1-4C6F-A0D6-6C9CEB79BA41}.Debug|Any CPU.Build.0 = Debug|Any CPU
		{19AE3EA6-3DF1-4C6F-A0D6-6C9CEB79BA41}.Release|Any CPU.ActiveCfg = Release|Any CPU
		{19AE3EA6-3DF1-4C6F-A0D6-6C9CEB79BA41}.Release|Any CPU.Build.0 = Release|Any CPU
	EndGlobalSection
	GlobalSection(SolutionProperties) = preSolution
		HideSolutionNode = FALSE
	EndGlobalSection
	GlobalSection(ExtensibilityGlobals) = postSolution
		SolutionGuid = {C010F338-B8A6-440E-870E-A5681E0DE049}
	EndGlobalSection
EndGlobal
